{
  "name": "@fylgja/shadow",
  "version": "1.0.3",
  "lockfileVersion": 2,
  "requires": true,
  "packages": {
    "": {
      "name": "@fylgja/shadow",
      "version": "1.0.3",
      "license": "MIT",
      "devDependencies": {
        "@fylgja/props-builder": "^1.0.1"
      }
    },
    "node_modules/@fylgja/props-builder": {
      "version": "1.0.1",
      "resolved": "https://registry.npmjs.org/@fylgja/props-builder/-/props-builder-1.0.1.tgz",
      "integrity": "sha512-lxKcByNVIn2auuZMYcaCYLEcPEp2mymO8Rh3ImjFN12dOtfzk0YkxvEyB3Xp6rnhD7U1YDe6XxmivtzMvhufkA==",
      "dev": true
    }
  },
  "dependencies": {
    "@fylgja/props-builder": {
      "version": "1.0.1",
      "resolved": "https://registry.npmjs.org/@fylgja/props-builder/-/props-builder-1.0.1.tgz",
      "integrity": "sha512-lxKcByNVIn2auuZMYcaCYLEcPEp2mymO8Rh3ImjFN12dOtfzk0YkxvEyB3Xp6rnhD7U1YDe6XxmivtzMvhufkA==",
      "dev": true
    }
  }
}
