{
  "name": "@fylgja/shadow",
  "version": "1.0.0",
  "lockfileVersion": 2,
  "requires": true,
  "packages": {
    "": {
      "name": "@fylgja/shadow",
      "version": "1.0.0",
      "license": "MIT",
      "devDependencies": {
        "@fylgja/props-builder": "^1.0.0"
      }
    },
    "node_modules/@fylgja/props-builder": {
      "version": "1.0.0",
      "resolved": "https://registry.npmjs.org/@fylgja/props-builder/-/props-builder-1.0.0.tgz",
      "integrity": "sha512-ABFp3cOVBMcB70eU3xMvAlZrYWEwOiK8reH0GiZcGal+GXmMem7WtP42GOl+kLH9J/C/7Ee82v1y0qK1i0PBOw==",
      "dev": true
    }
  },
  "dependencies": {
    "@fylgja/props-builder": {
      "version": "1.0.0",
      "resolved": "https://registry.npmjs.org/@fylgja/props-builder/-/props-builder-1.0.0.tgz",
      "integrity": "sha512-ABFp3cOVBMcB70eU3xMvAlZrYWEwOiK8reH0GiZcGal+GXmMem7WtP42GOl+kLH9J/C/7Ee82v1y0qK1i0PBOw==",
      "dev": true
    }
  }
}
