{
  "name": "@fylgja/shadow",
  "version": "1.0.3",
  "lockfileVersion": 2,
  "requires": true,
  "packages": {
    "": {
      "name": "@fylgja/shadow",
      "version": "1.0.3",
      "license": "MIT",
      "devDependencies": {
        "@fylgja/props-builder": "^1.0.5"
      }
    },
    "node_modules/@fylgja/props-builder": {
      "version": "1.0.5",
      "resolved": "https://registry.npmjs.org/@fylgja/props-builder/-/props-builder-1.0.5.tgz",
      "integrity": "sha512-A+91hl3kTATjNS7ouGNTpJ4N3W12D6gce3tJgSCxqijYlXOJBJg04hphX434nO8ju4DCywcrkAZbLY1q2C75NA==",
      "dev": true
    }
  },
  "dependencies": {
    "@fylgja/props-builder": {
      "version": "1.0.5",
      "resolved": "https://registry.npmjs.org/@fylgja/props-builder/-/props-builder-1.0.5.tgz",
      "integrity": "sha512-A+91hl3kTATjNS7ouGNTpJ4N3W12D6gce3tJgSCxqijYlXOJBJg04hphX434nO8ju4DCywcrkAZbLY1q2C75NA==",
      "dev": true
    }
  }
}
