{
  "name": "@fylgja/transform",
  "version": "1.0.1",
  "lockfileVersion": 1,
  "requires": true,
  "dependencies": {
    "@fylgja/mq": {
      "version": "1.0.0",
      "resolved": "https://registry.npmjs.org/@fylgja/mq/-/mq-1.0.0.tgz",
      "integrity": "sha512-qDbpYrDcq1fX/UeTmSWcnUPVvxa6V5VEc1Z/0229zddeR1/FlN0ZOk8/P0gHMwwBBxyEQqFGqw0hdyZPb8SPtQ=="
    }
  }
}
