{
  "name": "@fylgja/card",
  "version": "1.1.0",
  "lockfileVersion": 2,
  "requires": true,
  "packages": {
    "": {
      "name": "@fylgja/card",
      "version": "1.1.0",
      "license": "MIT",
      "dependencies": {
        "@fylgja/theme": "^1.1.0"
      }
    },
    "node_modules/@fylgja/theme": {
      "version": "1.1.0",
      "resolved": "https://registry.npmjs.org/@fylgja/theme/-/theme-1.1.0.tgz",
      "integrity": "sha512-caw2lURbpSHcnzao//soMOX+1ucH9qjpc+lclQ5NgCQZfrEAnEGAfQwCwcpacfLAlg0+NsneO6Kt6QCnfp1UVg=="
    }
  },
  "dependencies": {
    "@fylgja/theme": {
      "version": "1.1.0",
      "resolved": "https://registry.npmjs.org/@fylgja/theme/-/theme-1.1.0.tgz",
      "integrity": "sha512-caw2lURbpSHcnzao//soMOX+1ucH9qjpc+lclQ5NgCQZfrEAnEGAfQwCwcpacfLAlg0+NsneO6Kt6QCnfp1UVg=="
    }
  }
}
