{
  "name": "@fylgja/sizes",
  "version": "1.0.2",
  "lockfileVersion": 2,
  "requires": true,
  "packages": {
    "": {
      "name": "@fylgja/sizes",
      "version": "1.0.2",
      "license": "MIT",
      "devDependencies": {
        "@fylgja/props-builder": "^1.0.7"
      }
    },
    "node_modules/@fylgja/props-builder": {
      "version": "1.0.7",
      "resolved": "https://registry.npmjs.org/@fylgja/props-builder/-/props-builder-1.0.7.tgz",
      "integrity": "sha512-c+7XA4Tt+4Q7VeEECoGUCLNZCc4NJ3q+qBB5eXkEqQPZ/8YyartRG3VS8l7P8vQSU24ehJ/nAWKzNF2Bsxu4Lg==",
      "dev": true
    }
  },
  "dependencies": {
    "@fylgja/props-builder": {
      "version": "1.0.7",
      "resolved": "https://registry.npmjs.org/@fylgja/props-builder/-/props-builder-1.0.7.tgz",
      "integrity": "sha512-c+7XA4Tt+4Q7VeEECoGUCLNZCc4NJ3q+qBB5eXkEqQPZ/8YyartRG3VS8l7P8vQSU24ehJ/nAWKzNF2Bsxu4Lg==",
      "dev": true
    }
  }
}
