{
  "name": "@fylgja/props",
  "version": "1.0.0",
  "lockfileVersion": 2,
  "requires": true,
  "packages": {
    "": {
      "name": "@fylgja/props",
      "version": "1.0.0",
      "license": "MIT",
      "dependencies": {
        "@fylgja/aspect-ratio": "file:../aspect-ratio",
        "@fylgja/easing": "file:../easing",
        "@fylgja/props-builder": "file:../props-builder",
        "@fylgja/shadow": "file:../shadow",
        "@fylgja/z-layer": "file:../z-layer"
      }
    },
    "../aspect-ratio": {
      "version": "1.0.0",
      "license": "MIT",
      "devDependencies": {
        "@fylgja/props-builder": "file:../props-builder"
      }
    },
    "../easing": {
      "name": "@fylgja/easing",
      "version": "1.0.0",
      "license": "MIT",
      "devDependencies": {
        "@fylgja/props-builder": "file:../props-builder"
      }
    },
    "../props-builder": {
      "name": "@fylgja/props-builder",
      "version": "1.0.0",
      "license": "MIT"
    },
    "../shadow": {
      "name": "@fylgja/shadow",
      "version": "1.0.0",
      "license": "MIT",
      "devDependencies": {
        "@fylgja/props-builder": "file:../props-builder"
      }
    },
    "../z-layer": {
      "name": "@fylgja/z-layer",
      "version": "1.0.0",
      "license": "MIT",
      "dependencies": {
        "@fylgja/props-builder": "file:../props-builder"
      }
    },
    "node_modules/@fylgja/aspect-ratio": {
      "resolved": "../aspect-ratio",
      "link": true
    },
    "node_modules/@fylgja/easing": {
      "resolved": "../easing",
      "link": true
    },
    "node_modules/@fylgja/props-builder": {
      "resolved": "../props-builder",
      "link": true
    },
    "node_modules/@fylgja/shadow": {
      "resolved": "../shadow",
      "link": true
    },
    "node_modules/@fylgja/z-layer": {
      "resolved": "../z-layer",
      "link": true
    }
  },
  "dependencies": {
    "@fylgja/aspect-ratio": {
      "version": "file:../aspect-ratio",
      "requires": {
        "@fylgja/props-builder": "file:../props-builder"
      }
    },
    "@fylgja/easing": {
      "version": "file:../easing",
      "requires": {
        "@fylgja/props-builder": "file:../props-builder"
      }
    },
    "@fylgja/props-builder": {
      "version": "file:../props-builder"
    },
    "@fylgja/shadow": {
      "version": "file:../shadow",
      "requires": {
        "@fylgja/props-builder": "file:../props-builder"
      }
    },
    "@fylgja/z-layer": {
      "version": "file:../z-layer",
      "requires": {
        "@fylgja/props-builder": "file:../props-builder"
      }
    }
  }
}
