{
  "name": "@fylgja/tokens",
  "version": "1.0.0",
  "lockfileVersion": 2,
  "requires": true,
  "packages": {
    "": {
      "name": "@fylgja/tokens",
      "version": "1.0.0",
      "license": "MIT",
      "devDependencies": {
        "@fylgja/aspect-ratio": "^1.2.3",
        "@fylgja/borders": "^1.0.1",
        "@fylgja/colors": "^1.1.0",
        "@fylgja/easing": "^1.1.1",
        "@fylgja/fonts": "^1.0.0",
        "@fylgja/mq": "^1.2.2",
        "@fylgja/props-builder": "^1.0.7",
        "@fylgja/shadow": "^1.1.0",
        "@fylgja/sizes": "^1.1.0",
        "@fylgja/z-layer": "^1.1.0"
      }
    },
    "node_modules/@fylgja/aspect-ratio": {
      "version": "1.2.3",
      "resolved": "https://registry.npmjs.org/@fylgja/aspect-ratio/-/aspect-ratio-1.2.3.tgz",
      "integrity": "sha512-XSlLt0AWn2aGD0w1mQeV/Hepf1QBRQUp/uVWsVjV34aF1GP3QfxIIn9TBUUuuWiJEZ6KbyhBnkZHwv3mnv5/9w==",
      "dev": true,
      "dependencies": {
        "@fylgja/theme": "^1.2.0"
      }
    },
    "node_modules/@fylgja/borders": {
      "version": "1.0.1",
      "resolved": "https://registry.npmjs.org/@fylgja/borders/-/borders-1.0.1.tgz",
      "integrity": "sha512-wMDLFxKTGK8UL7sqFitLNJmOpccf+GHWxRFxBuETEOl05RDlIg11JCPUNNJaxNh/o4pDyVBNrXt6AQguyqTmEA==",
      "dev": true
    },
    "node_modules/@fylgja/colors": {
      "version": "1.1.0",
      "resolved": "https://registry.npmjs.org/@fylgja/colors/-/colors-1.1.0.tgz",
      "integrity": "sha512-UhvoRMVImo9gkL1709xaWeSPrbTu4A5PYfgARCL6WYHojyC3YGjQRqXfhTVGHEj0VsDJTI/H7+1b97u21RnNQw==",
      "dev": true
    },
    "node_modules/@fylgja/easing": {
      "version": "1.1.1",
      "resolved": "https://registry.npmjs.org/@fylgja/easing/-/easing-1.1.1.tgz",
      "integrity": "sha512-SD0tH4KzDzDFCJoxU+Ekowqnvx2r/XK+5UPQfnxwDTP2kGpUTV+lsw6EpUjhLhy1rkzSmLN7c8/vT3CU+oF+wA==",
      "dev": true
    },
    "node_modules/@fylgja/fonts": {
      "version": "1.0.0",
      "resolved": "https://registry.npmjs.org/@fylgja/fonts/-/fonts-1.0.0.tgz",
      "integrity": "sha512-fmvrO7QQtZVTVF6fmvHr+d4Q6tku+fChnCyKLDyLtPZ/nythaD+EDghVBoTp6aw2jCC6X4wjg/CHGwdYPzaMTw==",
      "dev": true
    },
    "node_modules/@fylgja/mq": {
      "version": "1.2.2",
      "resolved": "https://registry.npmjs.org/@fylgja/mq/-/mq-1.2.2.tgz",
      "integrity": "sha512-x7nvN3w2A0xNsDlOzFC0edzD8TjgGdW9ltqNrm1PTdTKVFwgA8RAFjJyNMnjLfYAUfqACpL8lu/m8NItq2XMOg==",
      "dev": true,
      "dependencies": {
        "@fylgja/props-builder": "^1.0.5"
      }
    },
    "node_modules/@fylgja/props-builder": {
      "version": "1.0.7",
      "resolved": "https://registry.npmjs.org/@fylgja/props-builder/-/props-builder-1.0.7.tgz",
      "integrity": "sha512-c+7XA4Tt+4Q7VeEECoGUCLNZCc4NJ3q+qBB5eXkEqQPZ/8YyartRG3VS8l7P8vQSU24ehJ/nAWKzNF2Bsxu4Lg==",
      "dev": true
    },
    "node_modules/@fylgja/shadow": {
      "version": "1.1.0",
      "resolved": "https://registry.npmjs.org/@fylgja/shadow/-/shadow-1.1.0.tgz",
      "integrity": "sha512-SyllKdiQq4DWdJjzQZ6qr0dAwpsRBmFxu0j/O1ULe8nvdJu6mvjmntdb1Hpm+gl60CazwD47aUsaPEZ/fvoRaA==",
      "dev": true
    },
    "node_modules/@fylgja/sizes": {
      "version": "1.1.0",
      "resolved": "https://registry.npmjs.org/@fylgja/sizes/-/sizes-1.1.0.tgz",
      "integrity": "sha512-xj362D1Um0B5hynwELXsUrDku7MrBtX5yHAQpypprbN4ufzUEIucimOCoB1EngFlQxHEOKkIXo/Ii6AeHJQEAg==",
      "dev": true
    },
    "node_modules/@fylgja/theme": {
      "version": "1.2.0",
      "resolved": "https://registry.npmjs.org/@fylgja/theme/-/theme-1.2.0.tgz",
      "integrity": "sha512-mQSuyhjScLtq+4A1AJSPkuyc+mUZdXUDnxEEC48hlcfS9HA5lHfkwEs7foxjPZEFp1hlP2nNbfaCwTqhm7l6RA==",
      "dev": true
    },
    "node_modules/@fylgja/z-layer": {
      "version": "1.1.0",
      "resolved": "https://registry.npmjs.org/@fylgja/z-layer/-/z-layer-1.1.0.tgz",
      "integrity": "sha512-nZJMXOl+r5YVKJKHcj8gRq2ZuVBrl8ytAR+N+/gDi3QbRoZ0UEkARtEZSTtD7GjJHpOzTazngSD6DlWD8vtUZg==",
      "dev": true
    }
  },
  "dependencies": {
    "@fylgja/aspect-ratio": {
      "version": "1.2.3",
      "resolved": "https://registry.npmjs.org/@fylgja/aspect-ratio/-/aspect-ratio-1.2.3.tgz",
      "integrity": "sha512-XSlLt0AWn2aGD0w1mQeV/Hepf1QBRQUp/uVWsVjV34aF1GP3QfxIIn9TBUUuuWiJEZ6KbyhBnkZHwv3mnv5/9w==",
      "dev": true,
      "requires": {
        "@fylgja/theme": "^1.2.0"
      }
    },
    "@fylgja/borders": {
      "version": "1.0.1",
      "resolved": "https://registry.npmjs.org/@fylgja/borders/-/borders-1.0.1.tgz",
      "integrity": "sha512-wMDLFxKTGK8UL7sqFitLNJmOpccf+GHWxRFxBuETEOl05RDlIg11JCPUNNJaxNh/o4pDyVBNrXt6AQguyqTmEA==",
      "dev": true
    },
    "@fylgja/colors": {
      "version": "1.1.0",
      "resolved": "https://registry.npmjs.org/@fylgja/colors/-/colors-1.1.0.tgz",
      "integrity": "sha512-UhvoRMVImo9gkL1709xaWeSPrbTu4A5PYfgARCL6WYHojyC3YGjQRqXfhTVGHEj0VsDJTI/H7+1b97u21RnNQw==",
      "dev": true
    },
    "@fylgja/easing": {
      "version": "1.1.1",
      "resolved": "https://registry.npmjs.org/@fylgja/easing/-/easing-1.1.1.tgz",
      "integrity": "sha512-SD0tH4KzDzDFCJoxU+Ekowqnvx2r/XK+5UPQfnxwDTP2kGpUTV+lsw6EpUjhLhy1rkzSmLN7c8/vT3CU+oF+wA==",
      "dev": true
    },
    "@fylgja/fonts": {
      "version": "1.0.0",
      "resolved": "https://registry.npmjs.org/@fylgja/fonts/-/fonts-1.0.0.tgz",
      "integrity": "sha512-fmvrO7QQtZVTVF6fmvHr+d4Q6tku+fChnCyKLDyLtPZ/nythaD+EDghVBoTp6aw2jCC6X4wjg/CHGwdYPzaMTw==",
      "dev": true
    },
    "@fylgja/mq": {
      "version": "1.2.2",
      "resolved": "https://registry.npmjs.org/@fylgja/mq/-/mq-1.2.2.tgz",
      "integrity": "sha512-x7nvN3w2A0xNsDlOzFC0edzD8TjgGdW9ltqNrm1PTdTKVFwgA8RAFjJyNMnjLfYAUfqACpL8lu/m8NItq2XMOg==",
      "dev": true,
      "requires": {
        "@fylgja/props-builder": "^1.0.5"
      }
    },
    "@fylgja/props-builder": {
      "version": "1.0.7",
      "resolved": "https://registry.npmjs.org/@fylgja/props-builder/-/props-builder-1.0.7.tgz",
      "integrity": "sha512-c+7XA4Tt+4Q7VeEECoGUCLNZCc4NJ3q+qBB5eXkEqQPZ/8YyartRG3VS8l7P8vQSU24ehJ/nAWKzNF2Bsxu4Lg==",
      "dev": true
    },
    "@fylgja/shadow": {
      "version": "1.1.0",
      "resolved": "https://registry.npmjs.org/@fylgja/shadow/-/shadow-1.1.0.tgz",
      "integrity": "sha512-SyllKdiQq4DWdJjzQZ6qr0dAwpsRBmFxu0j/O1ULe8nvdJu6mvjmntdb1Hpm+gl60CazwD47aUsaPEZ/fvoRaA==",
      "dev": true
    },
    "@fylgja/sizes": {
      "version": "1.1.0",
      "resolved": "https://registry.npmjs.org/@fylgja/sizes/-/sizes-1.1.0.tgz",
      "integrity": "sha512-xj362D1Um0B5hynwELXsUrDku7MrBtX5yHAQpypprbN4ufzUEIucimOCoB1EngFlQxHEOKkIXo/Ii6AeHJQEAg==",
      "dev": true
    },
    "@fylgja/theme": {
      "version": "1.2.0",
      "resolved": "https://registry.npmjs.org/@fylgja/theme/-/theme-1.2.0.tgz",
      "integrity": "sha512-mQSuyhjScLtq+4A1AJSPkuyc+mUZdXUDnxEEC48hlcfS9HA5lHfkwEs7foxjPZEFp1hlP2nNbfaCwTqhm7l6RA==",
      "dev": true
    },
    "@fylgja/z-layer": {
      "version": "1.1.0",
      "resolved": "https://registry.npmjs.org/@fylgja/z-layer/-/z-layer-1.1.0.tgz",
      "integrity": "sha512-nZJMXOl+r5YVKJKHcj8gRq2ZuVBrl8ytAR+N+/gDi3QbRoZ0UEkARtEZSTtD7GjJHpOzTazngSD6DlWD8vtUZg==",
      "dev": true
    }
  }
}
