{
  "name": "@fylgja/tokens",
  "version": "0.3.0",
  "lockfileVersion": 2,
  "requires": true,
  "packages": {
    "": {
      "name": "@fylgja/tokens",
      "version": "0.3.0",
      "license": "MIT",
      "devDependencies": {
        "@fylgja/aspect-ratio": "^1.2.1",
        "@fylgja/colors": "^1.1.0",
        "@fylgja/easing": "^1.0.3",
        "@fylgja/mq": "^1.2.0",
        "@fylgja/props-builder": "^1.0.5",
        "@fylgja/shadow": "^1.0.3",
        "@fylgja/sizes": "^1.0.2",
        "@fylgja/z-layer": "^1.0.2"
      }
    },
    "node_modules/@fylgja/aspect-ratio": {
      "version": "1.2.1",
      "resolved": "https://registry.npmjs.org/@fylgja/aspect-ratio/-/aspect-ratio-1.2.1.tgz",
      "integrity": "sha512-Pcky4bbPXgZv6+J3+U20h5wDxyT5Ds5exI8yIFy4RIKL48Tx7B0qiALMR71DtFjYoFtYGCkF06fekR8Wfs22PQ==",
      "dev": true,
      "dependencies": {
        "@fylgja/theme": "^1.1.0"
      }
    },
    "node_modules/@fylgja/colors": {
      "version": "1.1.0",
      "resolved": "https://registry.npmjs.org/@fylgja/colors/-/colors-1.1.0.tgz",
      "integrity": "sha512-UhvoRMVImo9gkL1709xaWeSPrbTu4A5PYfgARCL6WYHojyC3YGjQRqXfhTVGHEj0VsDJTI/H7+1b97u21RnNQw==",
      "dev": true
    },
    "node_modules/@fylgja/easing": {
      "version": "1.0.3",
      "resolved": "https://registry.npmjs.org/@fylgja/easing/-/easing-1.0.3.tgz",
      "integrity": "sha512-eb35tXqaBjxXVJPcU4ZY7g7dAF025QyqU3qgnJzI+J27LR2LOrzxrFJKJn/46fwgMwux7gwxJAiXrlo1clnfww==",
      "dev": true
    },
    "node_modules/@fylgja/mq": {
      "version": "1.2.0",
      "resolved": "https://registry.npmjs.org/@fylgja/mq/-/mq-1.2.0.tgz",
      "integrity": "sha512-ROmY3ZTYXvZZOQJGbGBfBxtxXMMPVU+YXJNFKkWb5IHh7JcbbRoijynb//F/yjN+k3beVnfy+NGaH7TlMkr2MA==",
      "dev": true,
      "dependencies": {
        "@fylgja/props-builder": "^1.0.5"
      }
    },
    "node_modules/@fylgja/props-builder": {
      "version": "1.0.5",
      "resolved": "https://registry.npmjs.org/@fylgja/props-builder/-/props-builder-1.0.5.tgz",
      "integrity": "sha512-A+91hl3kTATjNS7ouGNTpJ4N3W12D6gce3tJgSCxqijYlXOJBJg04hphX434nO8ju4DCywcrkAZbLY1q2C75NA==",
      "dev": true
    },
    "node_modules/@fylgja/shadow": {
      "version": "1.0.3",
      "resolved": "https://registry.npmjs.org/@fylgja/shadow/-/shadow-1.0.3.tgz",
      "integrity": "sha512-ri2P4yeelfLTGHg/Vjmf4Advi4xvFUG0lYJro8Kq+iham1CFTBFBnTl5EYeMb1NTRX2NmqS2q980VRUTlEcrPw==",
      "dev": true
    },
    "node_modules/@fylgja/sizes": {
      "version": "1.0.2",
      "resolved": "https://registry.npmjs.org/@fylgja/sizes/-/sizes-1.0.2.tgz",
      "integrity": "sha512-szlfana3YFo09tUoQ3a2ffEhysLl6xN5/dAUMe+309xWuHUvl34apOUwOcjl2+xC+qHZPZOpaTbQ0484OE/OZw==",
      "dev": true
    },
    "node_modules/@fylgja/theme": {
      "version": "1.1.0",
      "resolved": "https://registry.npmjs.org/@fylgja/theme/-/theme-1.1.0.tgz",
      "integrity": "sha512-caw2lURbpSHcnzao//soMOX+1ucH9qjpc+lclQ5NgCQZfrEAnEGAfQwCwcpacfLAlg0+NsneO6Kt6QCnfp1UVg==",
      "dev": true
    },
    "node_modules/@fylgja/z-layer": {
      "version": "1.0.2",
      "resolved": "https://registry.npmjs.org/@fylgja/z-layer/-/z-layer-1.0.2.tgz",
      "integrity": "sha512-U55VVHV1TU1PiTMfAA6y97hGpPgrVzlZp1othiEpacsVyEYv+UKbxIWIyvHV7rEqHG//0+pDnfsBExLKW+j8QA==",
      "dev": true
    }
  },
  "dependencies": {
    "@fylgja/aspect-ratio": {
      "version": "1.2.1",
      "resolved": "https://registry.npmjs.org/@fylgja/aspect-ratio/-/aspect-ratio-1.2.1.tgz",
      "integrity": "sha512-Pcky4bbPXgZv6+J3+U20h5wDxyT5Ds5exI8yIFy4RIKL48Tx7B0qiALMR71DtFjYoFtYGCkF06fekR8Wfs22PQ==",
      "dev": true,
      "requires": {
        "@fylgja/theme": "^1.1.0"
      }
    },
    "@fylgja/colors": {
      "version": "1.1.0",
      "resolved": "https://registry.npmjs.org/@fylgja/colors/-/colors-1.1.0.tgz",
      "integrity": "sha512-UhvoRMVImo9gkL1709xaWeSPrbTu4A5PYfgARCL6WYHojyC3YGjQRqXfhTVGHEj0VsDJTI/H7+1b97u21RnNQw==",
      "dev": true
    },
    "@fylgja/easing": {
      "version": "1.0.3",
      "resolved": "https://registry.npmjs.org/@fylgja/easing/-/easing-1.0.3.tgz",
      "integrity": "sha512-eb35tXqaBjxXVJPcU4ZY7g7dAF025QyqU3qgnJzI+J27LR2LOrzxrFJKJn/46fwgMwux7gwxJAiXrlo1clnfww==",
      "dev": true
    },
    "@fylgja/mq": {
      "version": "1.2.0",
      "resolved": "https://registry.npmjs.org/@fylgja/mq/-/mq-1.2.0.tgz",
      "integrity": "sha512-ROmY3ZTYXvZZOQJGbGBfBxtxXMMPVU+YXJNFKkWb5IHh7JcbbRoijynb//F/yjN+k3beVnfy+NGaH7TlMkr2MA==",
      "dev": true,
      "requires": {
        "@fylgja/props-builder": "^1.0.5"
      }
    },
    "@fylgja/props-builder": {
      "version": "1.0.5",
      "resolved": "https://registry.npmjs.org/@fylgja/props-builder/-/props-builder-1.0.5.tgz",
      "integrity": "sha512-A+91hl3kTATjNS7ouGNTpJ4N3W12D6gce3tJgSCxqijYlXOJBJg04hphX434nO8ju4DCywcrkAZbLY1q2C75NA==",
      "dev": true
    },
    "@fylgja/shadow": {
      "version": "1.0.3",
      "resolved": "https://registry.npmjs.org/@fylgja/shadow/-/shadow-1.0.3.tgz",
      "integrity": "sha512-ri2P4yeelfLTGHg/Vjmf4Advi4xvFUG0lYJro8Kq+iham1CFTBFBnTl5EYeMb1NTRX2NmqS2q980VRUTlEcrPw==",
      "dev": true
    },
    "@fylgja/sizes": {
      "version": "1.0.2",
      "resolved": "https://registry.npmjs.org/@fylgja/sizes/-/sizes-1.0.2.tgz",
      "integrity": "sha512-szlfana3YFo09tUoQ3a2ffEhysLl6xN5/dAUMe+309xWuHUvl34apOUwOcjl2+xC+qHZPZOpaTbQ0484OE/OZw==",
      "dev": true
    },
    "@fylgja/theme": {
      "version": "1.1.0",
      "resolved": "https://registry.npmjs.org/@fylgja/theme/-/theme-1.1.0.tgz",
      "integrity": "sha512-caw2lURbpSHcnzao//soMOX+1ucH9qjpc+lclQ5NgCQZfrEAnEGAfQwCwcpacfLAlg0+NsneO6Kt6QCnfp1UVg==",
      "dev": true
    },
    "@fylgja/z-layer": {
      "version": "1.0.2",
      "resolved": "https://registry.npmjs.org/@fylgja/z-layer/-/z-layer-1.0.2.tgz",
      "integrity": "sha512-U55VVHV1TU1PiTMfAA6y97hGpPgrVzlZp1othiEpacsVyEYv+UKbxIWIyvHV7rEqHG//0+pDnfsBExLKW+j8QA==",
      "dev": true
    }
  }
}
