{
  "name": "@fylgja/tokens",
  "version": "0.3.0",
  "lockfileVersion": 2,
  "requires": true,
  "packages": {
    "": {
      "name": "@fylgja/tokens",
      "version": "0.3.0",
      "license": "MIT",
      "devDependencies": {
        "@fylgja/aspect-ratio": "^1.1.1",
        "@fylgja/colors": "^1.0.7",
        "@fylgja/easing": "^1.0.3",
        "@fylgja/mq": "^1.1.2",
        "@fylgja/props-builder": "^1.0.4",
        "@fylgja/shadow": "^1.0.3",
        "@fylgja/sizes": "^1.0.2",
        "@fylgja/z-layer": "^1.0.2"
      }
    },
    "node_modules/@fylgja/aspect-ratio": {
      "version": "1.1.1",
      "resolved": "https://registry.npmjs.org/@fylgja/aspect-ratio/-/aspect-ratio-1.1.1.tgz",
      "integrity": "sha512-HJYDdIglLqzZpmMfNqoHDXW1CEcsEFRg4+gsvlDgmO9r3ub1Aj1MpleEd6TEQSoH9mVsW3Quv3Kgi+Hizxl8qw==",
      "dev": true
    },
    "node_modules/@fylgja/colors": {
      "version": "1.0.7",
      "resolved": "https://registry.npmjs.org/@fylgja/colors/-/colors-1.0.7.tgz",
      "integrity": "sha512-DytA3gP4bHGBcunPrU3DD8PZRzHHGxC+A3g1UdT4NaCmmzctK9Arkd+k3iGZKzPpX2965qwpb2H7ujQRcB9o+Q==",
      "dev": true
    },
    "node_modules/@fylgja/easing": {
      "version": "1.0.3",
      "resolved": "https://registry.npmjs.org/@fylgja/easing/-/easing-1.0.3.tgz",
      "integrity": "sha512-eb35tXqaBjxXVJPcU4ZY7g7dAF025QyqU3qgnJzI+J27LR2LOrzxrFJKJn/46fwgMwux7gwxJAiXrlo1clnfww==",
      "dev": true
    },
    "node_modules/@fylgja/mq": {
      "version": "1.1.2",
      "resolved": "https://registry.npmjs.org/@fylgja/mq/-/mq-1.1.2.tgz",
      "integrity": "sha512-3iDt9hoaPqZK/R1kuyUAiO7kwG4Q5dtPTgHFnJuB7o+hh8/KG76qwGsvWAxU0W1PDad5CXpwGo5zfY8lb+5WJQ==",
      "dev": true
    },
    "node_modules/@fylgja/props-builder": {
      "version": "1.0.4",
      "resolved": "https://registry.npmjs.org/@fylgja/props-builder/-/props-builder-1.0.4.tgz",
      "integrity": "sha512-tqh+JKS+pdwXimxm9uuuaaLmdbosisbAWH+lMxE0v6Fj+xvrF/8kgcWrrEH2lTAKPJWTJYluQLvFGgHuuSBSfA==",
      "dev": true
    },
    "node_modules/@fylgja/shadow": {
      "version": "1.0.3",
      "resolved": "https://registry.npmjs.org/@fylgja/shadow/-/shadow-1.0.3.tgz",
      "integrity": "sha512-ri2P4yeelfLTGHg/Vjmf4Advi4xvFUG0lYJro8Kq+iham1CFTBFBnTl5EYeMb1NTRX2NmqS2q980VRUTlEcrPw==",
      "dev": true
    },
    "node_modules/@fylgja/sizes": {
      "version": "1.0.2",
      "resolved": "https://registry.npmjs.org/@fylgja/sizes/-/sizes-1.0.2.tgz",
      "integrity": "sha512-szlfana3YFo09tUoQ3a2ffEhysLl6xN5/dAUMe+309xWuHUvl34apOUwOcjl2+xC+qHZPZOpaTbQ0484OE/OZw==",
      "dev": true
    },
    "node_modules/@fylgja/z-layer": {
      "version": "1.0.2",
      "resolved": "https://registry.npmjs.org/@fylgja/z-layer/-/z-layer-1.0.2.tgz",
      "integrity": "sha512-U55VVHV1TU1PiTMfAA6y97hGpPgrVzlZp1othiEpacsVyEYv+UKbxIWIyvHV7rEqHG//0+pDnfsBExLKW+j8QA==",
      "dev": true
    }
  },
  "dependencies": {
    "@fylgja/aspect-ratio": {
      "version": "1.1.1",
      "resolved": "https://registry.npmjs.org/@fylgja/aspect-ratio/-/aspect-ratio-1.1.1.tgz",
      "integrity": "sha512-HJYDdIglLqzZpmMfNqoHDXW1CEcsEFRg4+gsvlDgmO9r3ub1Aj1MpleEd6TEQSoH9mVsW3Quv3Kgi+Hizxl8qw==",
      "dev": true
    },
    "@fylgja/colors": {
      "version": "1.0.7",
      "resolved": "https://registry.npmjs.org/@fylgja/colors/-/colors-1.0.7.tgz",
      "integrity": "sha512-DytA3gP4bHGBcunPrU3DD8PZRzHHGxC+A3g1UdT4NaCmmzctK9Arkd+k3iGZKzPpX2965qwpb2H7ujQRcB9o+Q==",
      "dev": true
    },
    "@fylgja/easing": {
      "version": "1.0.3",
      "resolved": "https://registry.npmjs.org/@fylgja/easing/-/easing-1.0.3.tgz",
      "integrity": "sha512-eb35tXqaBjxXVJPcU4ZY7g7dAF025QyqU3qgnJzI+J27LR2LOrzxrFJKJn/46fwgMwux7gwxJAiXrlo1clnfww==",
      "dev": true
    },
    "@fylgja/mq": {
      "version": "1.1.2",
      "resolved": "https://registry.npmjs.org/@fylgja/mq/-/mq-1.1.2.tgz",
      "integrity": "sha512-3iDt9hoaPqZK/R1kuyUAiO7kwG4Q5dtPTgHFnJuB7o+hh8/KG76qwGsvWAxU0W1PDad5CXpwGo5zfY8lb+5WJQ==",
      "dev": true
    },
    "@fylgja/props-builder": {
      "version": "1.0.4",
      "resolved": "https://registry.npmjs.org/@fylgja/props-builder/-/props-builder-1.0.4.tgz",
      "integrity": "sha512-tqh+JKS+pdwXimxm9uuuaaLmdbosisbAWH+lMxE0v6Fj+xvrF/8kgcWrrEH2lTAKPJWTJYluQLvFGgHuuSBSfA==",
      "dev": true
    },
    "@fylgja/shadow": {
      "version": "1.0.3",
      "resolved": "https://registry.npmjs.org/@fylgja/shadow/-/shadow-1.0.3.tgz",
      "integrity": "sha512-ri2P4yeelfLTGHg/Vjmf4Advi4xvFUG0lYJro8Kq+iham1CFTBFBnTl5EYeMb1NTRX2NmqS2q980VRUTlEcrPw==",
      "dev": true
    },
    "@fylgja/sizes": {
      "version": "1.0.2",
      "resolved": "https://registry.npmjs.org/@fylgja/sizes/-/sizes-1.0.2.tgz",
      "integrity": "sha512-szlfana3YFo09tUoQ3a2ffEhysLl6xN5/dAUMe+309xWuHUvl34apOUwOcjl2+xC+qHZPZOpaTbQ0484OE/OZw==",
      "dev": true
    },
    "@fylgja/z-layer": {
      "version": "1.0.2",
      "resolved": "https://registry.npmjs.org/@fylgja/z-layer/-/z-layer-1.0.2.tgz",
      "integrity": "sha512-U55VVHV1TU1PiTMfAA6y97hGpPgrVzlZp1othiEpacsVyEYv+UKbxIWIyvHV7rEqHG//0+pDnfsBExLKW+j8QA==",
      "dev": true
    }
  }
}
