{
  "name": "@fylgja/tokens",
  "version": "1.0.4",
  "lockfileVersion": 2,
  "requires": true,
  "packages": {
    "": {
      "name": "@fylgja/tokens",
      "version": "1.0.4",
      "license": "MIT",
      "devDependencies": {
        "@fylgja/aspect-ratio": "^1.2.4",
        "@fylgja/borders": "^1.0.2",
        "@fylgja/colors": "^1.1.1",
        "@fylgja/easing": "^1.1.2",
        "@fylgja/fonts": "^1.0.1",
        "@fylgja/mq": "^1.2.3",
        "@fylgja/props-builder": "^1.0.8",
        "@fylgja/shadow": "^1.1.2",
        "@fylgja/sizes": "^1.1.1",
        "@fylgja/z-layer": "^1.1.1"
      }
    },
    "node_modules/@fylgja/aspect-ratio": {
      "version": "1.2.4",
      "resolved": "https://registry.npmjs.org/@fylgja/aspect-ratio/-/aspect-ratio-1.2.4.tgz",
      "integrity": "sha512-VpUfxzugGKM+kyY6fb1LiB+YxbfjbQxJMgXB7VsraF1dCZs8B//KODZhPSwZLxCKQAXb8ey7q1eApx/2nA71rg==",
      "dev": true,
      "dependencies": {
        "@fylgja/theme": "^1.2.0"
      }
    },
    "node_modules/@fylgja/borders": {
      "version": "1.0.2",
      "resolved": "https://registry.npmjs.org/@fylgja/borders/-/borders-1.0.2.tgz",
      "integrity": "sha512-bic6PZEDiZdOnLfJjB6VvfTsf9NLCNNGvLrrM26eQSiHEpoqr9DCbNYcorhsFcDDCuTsXUuwfPu0DY6RjdBYGA==",
      "dev": true
    },
    "node_modules/@fylgja/colors": {
      "version": "1.1.3",
      "resolved": "https://registry.npmjs.org/@fylgja/colors/-/colors-1.1.3.tgz",
      "integrity": "sha512-5o1YtbpvztzV27Ii7MOb6Evz0vk0t+xPbETfSdEgwfKwpiLlYGzpuKf502v99iDEndP5zfgkREPeDNXshD8cqA==",
      "dev": true
    },
    "node_modules/@fylgja/easing": {
      "version": "1.1.2",
      "resolved": "https://registry.npmjs.org/@fylgja/easing/-/easing-1.1.2.tgz",
      "integrity": "sha512-/pyRz/BTZWXE8MbBpBwNwwL0vAv2EoFWS7IRZarljtKeJPKagRNXy1uqfgsDN0e7rFx/FQrOL0newIDgDdr0WA==",
      "dev": true
    },
    "node_modules/@fylgja/fonts": {
      "version": "1.0.1",
      "resolved": "https://registry.npmjs.org/@fylgja/fonts/-/fonts-1.0.1.tgz",
      "integrity": "sha512-EW4umc/aqm140uNyl1lg0rodXMAON9cKURmbGE3myq90bE0UETvbV3nhaGb1s6+P7o9n8gQBU6TxPZL1tgdpmQ==",
      "dev": true
    },
    "node_modules/@fylgja/mq": {
      "version": "1.2.3",
      "resolved": "https://registry.npmjs.org/@fylgja/mq/-/mq-1.2.3.tgz",
      "integrity": "sha512-YlCYaTu09ekmYjE1rHlD5wRU18K5uKL0b4tWaXH2LFjhkRLIdb4fhKGmCQI/aVRR2J6SekVqkRkM8iYIr1Y3TA==",
      "dev": true,
      "dependencies": {
        "@fylgja/props-builder": "^1.0.5"
      }
    },
    "node_modules/@fylgja/props-builder": {
      "version": "1.1.0",
      "resolved": "https://registry.npmjs.org/@fylgja/props-builder/-/props-builder-1.1.0.tgz",
      "integrity": "sha512-Qld+TLx7MQCd2cfiz83NLYYpZt/E4clDw6M9oK/Yuf2o4J68ETLUjKt0bI3FXD8gsEiv0isa0iQ+AoelTJnLbw==",
      "dev": true
    },
    "node_modules/@fylgja/shadow": {
      "version": "1.1.2",
      "resolved": "https://registry.npmjs.org/@fylgja/shadow/-/shadow-1.1.2.tgz",
      "integrity": "sha512-+xZ9lbVRZSwqE342J4Q4hl1wp/01HmUSCnjlj3WW7YMxstrUrKyPS2K29NmTC2CoU+WFxzl16ZG0s+ONV2yL8A==",
      "dev": true
    },
    "node_modules/@fylgja/sizes": {
      "version": "1.1.1",
      "resolved": "https://registry.npmjs.org/@fylgja/sizes/-/sizes-1.1.1.tgz",
      "integrity": "sha512-Sea2vx+ztC/TxXrHBs4zzdnBYcwNDp9qv9lYrgKLv8YlYcYvl6jzHlkPwibBwSoPztSYmrNGcCP6+/SyfVH6Uw==",
      "dev": true
    },
    "node_modules/@fylgja/theme": {
      "version": "1.2.0",
      "resolved": "https://registry.npmjs.org/@fylgja/theme/-/theme-1.2.0.tgz",
      "integrity": "sha512-mQSuyhjScLtq+4A1AJSPkuyc+mUZdXUDnxEEC48hlcfS9HA5lHfkwEs7foxjPZEFp1hlP2nNbfaCwTqhm7l6RA==",
      "dev": true
    },
    "node_modules/@fylgja/z-layer": {
      "version": "1.1.1",
      "resolved": "https://registry.npmjs.org/@fylgja/z-layer/-/z-layer-1.1.1.tgz",
      "integrity": "sha512-7BYtVuNAxumuZoovK09tgAP5lIR3Lwht9CxWhOcLXE42zRZCZwSJ6t3/VICL4q0jV0UuVdVkVRe4rOTB8RNAyQ==",
      "dev": true
    }
  },
  "dependencies": {
    "@fylgja/aspect-ratio": {
      "version": "1.2.4",
      "resolved": "https://registry.npmjs.org/@fylgja/aspect-ratio/-/aspect-ratio-1.2.4.tgz",
      "integrity": "sha512-VpUfxzugGKM+kyY6fb1LiB+YxbfjbQxJMgXB7VsraF1dCZs8B//KODZhPSwZLxCKQAXb8ey7q1eApx/2nA71rg==",
      "dev": true,
      "requires": {
        "@fylgja/theme": "^1.2.0"
      }
    },
    "@fylgja/borders": {
      "version": "1.0.2",
      "resolved": "https://registry.npmjs.org/@fylgja/borders/-/borders-1.0.2.tgz",
      "integrity": "sha512-bic6PZEDiZdOnLfJjB6VvfTsf9NLCNNGvLrrM26eQSiHEpoqr9DCbNYcorhsFcDDCuTsXUuwfPu0DY6RjdBYGA==",
      "dev": true
    },
    "@fylgja/colors": {
      "version": "1.1.3",
      "resolved": "https://registry.npmjs.org/@fylgja/colors/-/colors-1.1.3.tgz",
      "integrity": "sha512-5o1YtbpvztzV27Ii7MOb6Evz0vk0t+xPbETfSdEgwfKwpiLlYGzpuKf502v99iDEndP5zfgkREPeDNXshD8cqA==",
      "dev": true
    },
    "@fylgja/easing": {
      "version": "1.1.2",
      "resolved": "https://registry.npmjs.org/@fylgja/easing/-/easing-1.1.2.tgz",
      "integrity": "sha512-/pyRz/BTZWXE8MbBpBwNwwL0vAv2EoFWS7IRZarljtKeJPKagRNXy1uqfgsDN0e7rFx/FQrOL0newIDgDdr0WA==",
      "dev": true
    },
    "@fylgja/fonts": {
      "version": "1.0.1",
      "resolved": "https://registry.npmjs.org/@fylgja/fonts/-/fonts-1.0.1.tgz",
      "integrity": "sha512-EW4umc/aqm140uNyl1lg0rodXMAON9cKURmbGE3myq90bE0UETvbV3nhaGb1s6+P7o9n8gQBU6TxPZL1tgdpmQ==",
      "dev": true
    },
    "@fylgja/mq": {
      "version": "1.2.3",
      "resolved": "https://registry.npmjs.org/@fylgja/mq/-/mq-1.2.3.tgz",
      "integrity": "sha512-YlCYaTu09ekmYjE1rHlD5wRU18K5uKL0b4tWaXH2LFjhkRLIdb4fhKGmCQI/aVRR2J6SekVqkRkM8iYIr1Y3TA==",
      "dev": true,
      "requires": {
        "@fylgja/props-builder": "^1.0.5"
      }
    },
    "@fylgja/props-builder": {
      "version": "1.1.0",
      "resolved": "https://registry.npmjs.org/@fylgja/props-builder/-/props-builder-1.1.0.tgz",
      "integrity": "sha512-Qld+TLx7MQCd2cfiz83NLYYpZt/E4clDw6M9oK/Yuf2o4J68ETLUjKt0bI3FXD8gsEiv0isa0iQ+AoelTJnLbw==",
      "dev": true
    },
    "@fylgja/shadow": {
      "version": "1.1.2",
      "resolved": "https://registry.npmjs.org/@fylgja/shadow/-/shadow-1.1.2.tgz",
      "integrity": "sha512-+xZ9lbVRZSwqE342J4Q4hl1wp/01HmUSCnjlj3WW7YMxstrUrKyPS2K29NmTC2CoU+WFxzl16ZG0s+ONV2yL8A==",
      "dev": true
    },
    "@fylgja/sizes": {
      "version": "1.1.1",
      "resolved": "https://registry.npmjs.org/@fylgja/sizes/-/sizes-1.1.1.tgz",
      "integrity": "sha512-Sea2vx+ztC/TxXrHBs4zzdnBYcwNDp9qv9lYrgKLv8YlYcYvl6jzHlkPwibBwSoPztSYmrNGcCP6+/SyfVH6Uw==",
      "dev": true
    },
    "@fylgja/theme": {
      "version": "1.2.0",
      "resolved": "https://registry.npmjs.org/@fylgja/theme/-/theme-1.2.0.tgz",
      "integrity": "sha512-mQSuyhjScLtq+4A1AJSPkuyc+mUZdXUDnxEEC48hlcfS9HA5lHfkwEs7foxjPZEFp1hlP2nNbfaCwTqhm7l6RA==",
      "dev": true
    },
    "@fylgja/z-layer": {
      "version": "1.1.1",
      "resolved": "https://registry.npmjs.org/@fylgja/z-layer/-/z-layer-1.1.1.tgz",
      "integrity": "sha512-7BYtVuNAxumuZoovK09tgAP5lIR3Lwht9CxWhOcLXE42zRZCZwSJ6t3/VICL4q0jV0UuVdVkVRe4rOTB8RNAyQ==",
      "dev": true
    }
  }
}
