{
  "name": "@fylgja/tokens",
  "version": "1.0.0",
  "lockfileVersion": 3,
  "requires": true,
  "packages": {
    "": {
      "name": "@fylgja/tokens",
      "version": "1.0.0",
      "license": "MIT",
      "dependencies": {
        "@fylgja/colors": "^2.0.0-beta.6"
      },
      "devDependencies": {
        "@fylgja/props-builder": "^1.1.0"
      }
    },
    "node_modules/@fylgja/colors": {
      "version": "2.0.0-beta.6",
      "resolved": "https://registry.npmjs.org/@fylgja/colors/-/colors-2.0.0-beta.6.tgz",
      "integrity": "sha512-uzdzsbtUWA2mf+dfGJTGTlxSZxflnMiUrN6VEAQ7EvnB2CAtDYWBY1NNm68+w6CZwgx7MRikw0OYARI0YgrWbg=="
    },
    "node_modules/@fylgja/props-builder": {
      "version": "1.1.0",
      "resolved": "https://registry.npmjs.org/@fylgja/props-builder/-/props-builder-1.1.0.tgz",
      "integrity": "sha512-Qld+TLx7MQCd2cfiz83NLYYpZt/E4clDw6M9oK/Yuf2o4J68ETLUjKt0bI3FXD8gsEiv0isa0iQ+AoelTJnLbw==",
      "dev": true
    }
  }
}
