{
  "name": "@fylgja/input-group",
  "version": "1.2.0",
  "lockfileVersion": 2,
  "requires": true,
  "packages": {
    "": {
      "name": "@fylgja/input-group",
      "version": "1.2.0",
      "license": "MIT",
      "dependencies": {
        "@fylgja/form": "^1.1.0",
        "@fylgja/theme": "^1.1.0"
      }
    },
    "node_modules/@fylgja/form": {
      "version": "1.1.0",
      "resolved": "https://registry.npmjs.org/@fylgja/form/-/form-1.1.0.tgz",
      "integrity": "sha512-uURw3Ex5GYgFIT13rgRX/BbmLd6rlLREMdX9bq7SiPZG51fp4DxkPmOZaqNH519jkLX2Fa70I4GcCM9RCbkqeA==",
      "dependencies": {
        "@fylgja/theme": "^1.1.0"
      }
    },
    "node_modules/@fylgja/theme": {
      "version": "1.1.0",
      "resolved": "https://registry.npmjs.org/@fylgja/theme/-/theme-1.1.0.tgz",
      "integrity": "sha512-caw2lURbpSHcnzao//soMOX+1ucH9qjpc+lclQ5NgCQZfrEAnEGAfQwCwcpacfLAlg0+NsneO6Kt6QCnfp1UVg=="
    }
  },
  "dependencies": {
    "@fylgja/form": {
      "version": "1.1.0",
      "resolved": "https://registry.npmjs.org/@fylgja/form/-/form-1.1.0.tgz",
      "integrity": "sha512-uURw3Ex5GYgFIT13rgRX/BbmLd6rlLREMdX9bq7SiPZG51fp4DxkPmOZaqNH519jkLX2Fa70I4GcCM9RCbkqeA==",
      "requires": {
        "@fylgja/theme": "^1.1.0"
      }
    },
    "@fylgja/theme": {
      "version": "1.1.0",
      "resolved": "https://registry.npmjs.org/@fylgja/theme/-/theme-1.1.0.tgz",
      "integrity": "sha512-caw2lURbpSHcnzao//soMOX+1ucH9qjpc+lclQ5NgCQZfrEAnEGAfQwCwcpacfLAlg0+NsneO6Kt6QCnfp1UVg=="
    }
  }
}
