{
  "name": "@fylgja/colors",
  "version": "1.1.2",
  "lockfileVersion": 2,
  "requires": true,
  "packages": {
    "": {
      "name": "@fylgja/colors",
      "version": "1.1.2",
      "license": "MIT",
      "devDependencies": {
        "@fylgja/props-builder": "^1.0.5",
        "colorjs.io": "^0.4.3"
      }
    },
    "node_modules/@fylgja/props-builder": {
      "version": "1.0.5",
      "resolved": "https://registry.npmjs.org/@fylgja/props-builder/-/props-builder-1.0.5.tgz",
      "integrity": "sha512-A+91hl3kTATjNS7ouGNTpJ4N3W12D6gce3tJgSCxqijYlXOJBJg04hphX434nO8ju4DCywcrkAZbLY1q2C75NA==",
      "dev": true
    },
    "node_modules/colorjs.io": {
      "version": "0.4.3",
      "resolved": "https://registry.npmjs.org/colorjs.io/-/colorjs.io-0.4.3.tgz",
      "integrity": "sha512-Jr6NiWFZCuSECl23Bhe4jvDldQsE0ErnWrdl3xIUFy+Bkp0l8r5qt/iZlNH47/xxGP5izcyC8InjoUoI4Po+Pg==",
      "dev": true
    }
  },
  "dependencies": {
    "@fylgja/props-builder": {
      "version": "1.0.5",
      "resolved": "https://registry.npmjs.org/@fylgja/props-builder/-/props-builder-1.0.5.tgz",
      "integrity": "sha512-A+91hl3kTATjNS7ouGNTpJ4N3W12D6gce3tJgSCxqijYlXOJBJg04hphX434nO8ju4DCywcrkAZbLY1q2C75NA==",
      "dev": true
    },
    "colorjs.io": {
      "version": "0.4.3",
      "resolved": "https://registry.npmjs.org/colorjs.io/-/colorjs.io-0.4.3.tgz",
      "integrity": "sha512-Jr6NiWFZCuSECl23Bhe4jvDldQsE0ErnWrdl3xIUFy+Bkp0l8r5qt/iZlNH47/xxGP5izcyC8InjoUoI4Po+Pg==",
      "dev": true
    }
  }
}
