{
  "name": "@fylgja/colors",
  "version": "2.0.0-beta.0",
  "lockfileVersion": 2,
  "requires": true,
  "packages": {
    "": {
      "name": "@fylgja/colors",
      "version": "2.0.0-beta.0",
      "license": "MIT",
      "devDependencies": {
        "@fylgja/props-builder": "^1.1.0",
        "colorjs.io": "^0.4.3"
      }
    },
    "node_modules/@fylgja/props-builder": {
      "version": "1.1.0",
      "resolved": "https://registry.npmjs.org/@fylgja/props-builder/-/props-builder-1.1.0.tgz",
      "integrity": "sha512-Qld+TLx7MQCd2cfiz83NLYYpZt/E4clDw6M9oK/Yuf2o4J68ETLUjKt0bI3FXD8gsEiv0isa0iQ+AoelTJnLbw==",
      "dev": true
    },
    "node_modules/colorjs.io": {
      "version": "0.4.3",
      "resolved": "https://registry.npmjs.org/colorjs.io/-/colorjs.io-0.4.3.tgz",
      "integrity": "sha512-Jr6NiWFZCuSECl23Bhe4jvDldQsE0ErnWrdl3xIUFy+Bkp0l8r5qt/iZlNH47/xxGP5izcyC8InjoUoI4Po+Pg==",
      "dev": true
    }
  },
  "dependencies": {
    "@fylgja/props-builder": {
      "version": "1.1.0",
      "resolved": "https://registry.npmjs.org/@fylgja/props-builder/-/props-builder-1.1.0.tgz",
      "integrity": "sha512-Qld+TLx7MQCd2cfiz83NLYYpZt/E4clDw6M9oK/Yuf2o4J68ETLUjKt0bI3FXD8gsEiv0isa0iQ+AoelTJnLbw==",
      "dev": true
    },
    "colorjs.io": {
      "version": "0.4.3",
      "resolved": "https://registry.npmjs.org/colorjs.io/-/colorjs.io-0.4.3.tgz",
      "integrity": "sha512-Jr6NiWFZCuSECl23Bhe4jvDldQsE0ErnWrdl3xIUFy+Bkp0l8r5qt/iZlNH47/xxGP5izcyC8InjoUoI4Po+Pg==",
      "dev": true
    }
  }
}
