{
  "name": "@fylgja/colors",
  "version": "1.0.1",
  "lockfileVersion": 2,
  "requires": true,
  "packages": {
    "": {
      "name": "@fylgja/colors",
      "version": "1.0.1",
      "license": "MIT",
      "devDependencies": {
        "@fylgja/props-builder": "^1.0.0"
      }
    },
    "node_modules/@fylgja/props-builder": {
      "version": "1.0.0",
      "dev": true,
      "license": "MIT"
    }
  },
  "dependencies": {
    "@fylgja/props-builder": {
      "version": "1.0.0",
      "dev": true
    }
  }
}
