{
  "name": "@fylgja/base-next",
  "version": "2.0.0",
  "lockfileVersion": 3,
  "requires": true,
  "packages": {
    "": {
      "name": "@fylgja/base-next",
      "version": "2.0.0",
      "license": "MIT",
      "devDependencies": {
        "lightningcss-cli": "^1.24.1"
      }
    },
    "node_modules/detect-libc": {
      "version": "1.0.3",
      "resolved": "https://registry.npmjs.org/detect-libc/-/detect-libc-1.0.3.tgz",
      "integrity": "sha512-pGjwhsmsp4kL2RTz08wcOlGN83otlqHeD/Z5T8GXZB+/YcpQ/dgo+lbU8ZsGxV0HIvqqxo9l7mqYwyYMD9bKDg==",
      "dev": true,
      "bin": {
        "detect-libc": "bin/detect-libc.js"
      },
      "engines": {
        "node": ">=0.10"
      }
    },
    "node_modules/lightningcss-cli": {
      "version": "1.24.1",
      "resolved": "https://registry.npmjs.org/lightningcss-cli/-/lightningcss-cli-1.24.1.tgz",
      "integrity": "sha512-6HBXVWoHUNmOOoYeZzikGfWJT79NiuNgsztjEBLpen8V57VTG5/CFI/ekRDsHZRyJleUSsFjpqy7PzhtOBJhrQ==",
      "dev": true,
      "hasInstallScript": true,
      "dependencies": {
        "detect-libc": "^1.0.3"
      },
      "bin": {
        "lightningcss": "lightningcss"
      },
      "engines": {
        "node": ">= 12.0.0"
      },
      "funding": {
        "type": "opencollective",
        "url": "https://opencollective.com/parcel"
      },
      "optionalDependencies": {
        "lightningcss-cli-darwin-arm64": "1.24.1",
        "lightningcss-cli-darwin-x64": "1.24.1",
        "lightningcss-cli-freebsd-x64": "1.24.1",
        "lightningcss-cli-linux-arm-gnueabihf": "1.24.1",
        "lightningcss-cli-linux-arm64-gnu": "1.24.1",
        "lightningcss-cli-linux-arm64-musl": "1.24.1",
        "lightningcss-cli-linux-x64-gnu": "1.24.1",
        "lightningcss-cli-linux-x64-musl": "1.24.1",
        "lightningcss-cli-win32-x64-msvc": "1.24.1"
      }
    },
    "node_modules/lightningcss-cli-darwin-arm64": {
      "version": "1.24.1",
      "resolved": "https://registry.npmjs.org/lightningcss-cli-darwin-arm64/-/lightningcss-cli-darwin-arm64-1.24.1.tgz",
      "integrity": "sha512-aEVbAvKd7VCaagHAWh+xHL5HGIj9l5t+XdpFb00/jwrhyPH5NL7KyVmOw1rbzIEp0eGYL2UxVtBYagPxjDyt4Q==",
      "cpu": [
        "arm64"
      ],
      "dev": true,
      "optional": true,
      "os": [
        "darwin"
      ],
      "engines": {
        "node": ">= 12.0.0"
      },
      "funding": {
        "type": "opencollective",
        "url": "https://opencollective.com/parcel"
      }
    },
    "node_modules/lightningcss-cli-darwin-x64": {
      "version": "1.24.1",
      "resolved": "https://registry.npmjs.org/lightningcss-cli-darwin-x64/-/lightningcss-cli-darwin-x64-1.24.1.tgz",
      "integrity": "sha512-CzGxqMibHSH3mFHJBkBp/zip3jmNPY7J3deF5FyL0ibjjfrmdifdwcx7thxcSqrSgWnBUDJ4pLt9vbYykMaDrg==",
      "cpu": [
        "x64"
      ],
      "dev": true,
      "optional": true,
      "os": [
        "darwin"
      ],
      "engines": {
        "node": ">= 12.0.0"
      },
      "funding": {
        "type": "opencollective",
        "url": "https://opencollective.com/parcel"
      }
    },
    "node_modules/lightningcss-cli-freebsd-x64": {
      "version": "1.24.1",
      "resolved": "https://registry.npmjs.org/lightningcss-cli-freebsd-x64/-/lightningcss-cli-freebsd-x64-1.24.1.tgz",
      "integrity": "sha512-0v2MLwNShwff1qZNWvbxDYN5E0Zy4r+YAHTaG2Q5eThWEcO+1KnokSYFd+sxKFapghyzelYtByvdHUP/r5T4Tw==",
      "cpu": [
        "x64"
      ],
      "dev": true,
      "optional": true,
      "os": [
        "freebsd"
      ],
      "engines": {
        "node": ">= 12.0.0"
      },
      "funding": {
        "type": "opencollective",
        "url": "https://opencollective.com/parcel"
      }
    },
    "node_modules/lightningcss-cli-linux-arm-gnueabihf": {
      "version": "1.24.1",
      "resolved": "https://registry.npmjs.org/lightningcss-cli-linux-arm-gnueabihf/-/lightningcss-cli-linux-arm-gnueabihf-1.24.1.tgz",
      "integrity": "sha512-BZOYEFKhBk4C9tgLTvA9XP/K9eOzMebhFHROJ/4bCucRgO4ylOTRZk9ik8BMJJrAB7aeZakzt3/FWLbPL3522g==",
      "cpu": [
        "arm"
      ],
      "dev": true,
      "optional": true,
      "os": [
        "linux"
      ],
      "engines": {
        "node": ">= 12.0.0"
      },
      "funding": {
        "type": "opencollective",
        "url": "https://opencollective.com/parcel"
      }
    },
    "node_modules/lightningcss-cli-linux-arm64-gnu": {
      "version": "1.24.1",
      "resolved": "https://registry.npmjs.org/lightningcss-cli-linux-arm64-gnu/-/lightningcss-cli-linux-arm64-gnu-1.24.1.tgz",
      "integrity": "sha512-TRRqgFzLTvO6hJMDIYtSliLfNaZLf2SXatHUmxP0a1Td8O1LUNILyiUzdjRHxBJ4u0fD93QTWHdNPMmYhZBv+A==",
      "cpu": [
        "arm64"
      ],
      "dev": true,
      "optional": true,
      "os": [
        "linux"
      ],
      "engines": {
        "node": ">= 12.0.0"
      },
      "funding": {
        "type": "opencollective",
        "url": "https://opencollective.com/parcel"
      }
    },
    "node_modules/lightningcss-cli-linux-arm64-musl": {
      "version": "1.24.1",
      "resolved": "https://registry.npmjs.org/lightningcss-cli-linux-arm64-musl/-/lightningcss-cli-linux-arm64-musl-1.24.1.tgz",
      "integrity": "sha512-5ymGVRskVcddBwSsOfzMZUVy2mpO+fvU21rPCAVITnxui6B2jwLlwB+b4oQRJWSgfPZuwG8eb/csqKefeftpKg==",
      "cpu": [
        "arm64"
      ],
      "dev": true,
      "optional": true,
      "os": [
        "linux"
      ],
      "engines": {
        "node": ">= 12.0.0"
      },
      "funding": {
        "type": "opencollective",
        "url": "https://opencollective.com/parcel"
      }
    },
    "node_modules/lightningcss-cli-linux-x64-gnu": {
      "version": "1.24.1",
      "resolved": "https://registry.npmjs.org/lightningcss-cli-linux-x64-gnu/-/lightningcss-cli-linux-x64-gnu-1.24.1.tgz",
      "integrity": "sha512-vuZbkCb36UuoDVuO+TYDov40Rhw4pWgcJXh/4KKOes0pFlSlBCtL+oTQ2DQopLDkA8BEUoSEhUC2fBB1tmNxsg==",
      "cpu": [
        "x64"
      ],
      "dev": true,
      "optional": true,
      "os": [
        "linux"
      ],
      "engines": {
        "node": ">= 12.0.0"
      },
      "funding": {
        "type": "opencollective",
        "url": "https://opencollective.com/parcel"
      }
    },
    "node_modules/lightningcss-cli-linux-x64-musl": {
      "version": "1.24.1",
      "resolved": "https://registry.npmjs.org/lightningcss-cli-linux-x64-musl/-/lightningcss-cli-linux-x64-musl-1.24.1.tgz",
      "integrity": "sha512-gSHaMnq8M2JX8vOU7r0AywWtzQ4abwnHl7hKgu/zqXnX2Vw5TOUJYWILMeJy+G82TsoobNuiWH7Bak58hxdRZA==",
      "cpu": [
        "x64"
      ],
      "dev": true,
      "optional": true,
      "os": [
        "linux"
      ],
      "engines": {
        "node": ">= 12.0.0"
      },
      "funding": {
        "type": "opencollective",
        "url": "https://opencollective.com/parcel"
      }
    },
    "node_modules/lightningcss-cli-win32-x64-msvc": {
      "version": "1.24.1",
      "resolved": "https://registry.npmjs.org/lightningcss-cli-win32-x64-msvc/-/lightningcss-cli-win32-x64-msvc-1.24.1.tgz",
      "integrity": "sha512-8hW4PZ9bNfM/UY1eQqAla1jRvUzcESCbhT4381d+N4g+ul2JrRi0FC4QctgAje5kl1udUt1zUMyhARJowvySVw==",
      "cpu": [
        "x64"
      ],
      "dev": true,
      "optional": true,
      "os": [
        "win32"
      ],
      "engines": {
        "node": ">= 12.0.0"
      },
      "funding": {
        "type": "opencollective",
        "url": "https://opencollective.com/parcel"
      }
    }
  }
}
