{
  "name": "@fylgja/z-index",
  "version": "1.0.0",
  "lockfileVersion": 2,
  "requires": true,
  "packages": {
    "": {
      "name": "@fylgja/z-index",
      "version": "1.0.0",
      "license": "MIT",
      "dependencies": {
        "@fylgja/props-builder": "file:../props-builder"
      },
      "devDependencies": {}
    },
    "../props-builder": {
      "version": "1.0.0",
      "license": "MIT"
    },
    "node_modules/@fylgja/props-builder": {
      "resolved": "../props-builder",
      "link": true
    }
  },
  "dependencies": {
    "@fylgja/props-builder": {
      "version": "file:../props-builder"
    }
  }
}
