{
  "name": "@fylgja/control",
  "version": "1.0.0",
  "lockfileVersion": 1,
  "requires": true,
  "dependencies": {
    "@fylgja/theme": {
      "version": "0.1.0",
      "resolved": "https://registry.npmjs.org/@fylgja/theme/-/theme-0.1.0.tgz",
      "integrity": "sha512-ogFOm8Ea2LownzCQyoDcCdUHMS98wJtNePs/CqgmY7Ov8A19tG+QesWMfv1Dp33DdiyMWK/Ih/6yJtc70naOZQ=="
    }
  }
}
