{
  "name": "@fylgja/aria-only",
  "version": "1.2.3",
  "lockfileVersion": 2,
  "requires": true,
  "packages": {
    "": {
      "name": "@fylgja/aria-only",
      "version": "1.2.3",
      "license": "MIT",
      "dependencies": {
        "@fylgja/mq": "^1.1.2",
        "@fylgja/theme": "^1.2.0"
      }
    },
    "node_modules/@fylgja/mq": {
      "version": "1.1.2",
      "resolved": "https://registry.npmjs.org/@fylgja/mq/-/mq-1.1.2.tgz",
      "integrity": "sha512-3iDt9hoaPqZK/R1kuyUAiO7kwG4Q5dtPTgHFnJuB7o+hh8/KG76qwGsvWAxU0W1PDad5CXpwGo5zfY8lb+5WJQ=="
    },
    "node_modules/@fylgja/theme": {
      "version": "1.2.0",
      "resolved": "https://registry.npmjs.org/@fylgja/theme/-/theme-1.2.0.tgz",
      "integrity": "sha512-mQSuyhjScLtq+4A1AJSPkuyc+mUZdXUDnxEEC48hlcfS9HA5lHfkwEs7foxjPZEFp1hlP2nNbfaCwTqhm7l6RA=="
    }
  },
  "dependencies": {
    "@fylgja/mq": {
      "version": "1.1.2",
      "resolved": "https://registry.npmjs.org/@fylgja/mq/-/mq-1.1.2.tgz",
      "integrity": "sha512-3iDt9hoaPqZK/R1kuyUAiO7kwG4Q5dtPTgHFnJuB7o+hh8/KG76qwGsvWAxU0W1PDad5CXpwGo5zfY8lb+5WJQ=="
    },
    "@fylgja/theme": {
      "version": "1.2.0",
      "resolved": "https://registry.npmjs.org/@fylgja/theme/-/theme-1.2.0.tgz",
      "integrity": "sha512-mQSuyhjScLtq+4A1AJSPkuyc+mUZdXUDnxEEC48hlcfS9HA5lHfkwEs7foxjPZEFp1hlP2nNbfaCwTqhm7l6RA=="
    }
  }
}
